
Microsoft Visual Studio Solution File, Format Version 12.00
# Visual Studio Version 17
VisualStudioVersion = 17.2.32616.157
MinimumVisualStudioVersion = 10.0.40219.1
Project("{FAE04EC0-301F-11D3-BF4B-00C04F79EFBC}") = "ProjetoCalculos", "ProjetoCalculos\ProjetoCalculos.csproj", "{4020FE15-4336-4FA3-BEB5-51C6A3B28C74}"
EndProject
Global
	GlobalSection(SolutionConfigurationPlatforms) = preSolution
		Debug|Any CPU = Debug|Any CPU
		Release|Any CPU = Release|Any CPU
	EndGlobalSection
	GlobalSection(ProjectConfigurationPlatforms) = postSolution
		{4020FE15-4336-4FA3-BEB5-51C6A3B28C74}.Debug|Any CPU.ActiveCfg = Debug|Any CPU
		{4020FE15-4336-4FA3-BEB5-51C6A3B28C74}.Debug|Any CPU.Build.0 = Debug|Any CPU
		{4020FE15-4336-4FA3-BEB5-51C6A3B28C74}.Release|Any CPU.ActiveCfg = Release|Any CPU
		{4020FE15-4336-4FA3-BEB5-51C6A3B28C74}.Release|Any CPU.Build.0 = Release|Any CPU
	EndGlobalSection
	GlobalSection(SolutionProperties) = preSolution
		HideSolutionNode = FALSE
	EndGlobalSection
	GlobalSection(ExtensibilityGlobals) = postSolution
		SolutionGuid = {05C69B32-9717-4E18-8226-54288793ED80}
	EndGlobalSection
EndGlobal
