
Microsoft Visual Studio Solution File, Format Version 12.00
# Visual Studio Version 17
VisualStudioVersion = 17.2.32616.157
MinimumVisualStudioVersion = 10.0.40219.1
Project("{9A19103F-16F7-4668-BE54-9A1E7A4F7556}") = "ProjetoCalculos", "ProjetoCalculos\ProjetoCalculos.csproj", "{4020FE15-4336-4FA3-BEB5-51C6A3B28C74}"
EndProject
Project("{2150E333-8FDC-42A3-9474-1A3956D46DE8}") = "1-Web", "1-Web", "{4F96DA3C-CF1B-44E5-BA07-175893C9177F}"
EndProject
Project("{2150E333-8FDC-42A3-9474-1A3956D46DE8}") = "2-Aplication", "2-Aplication", "{989EC5D9-D7CB-4CA8-AD7F-C7D8F7A23B81}"
EndProject
Project("{2150E333-8FDC-42A3-9474-1A3956D46DE8}") = "3-Domain", "3-Domain", "{9DEEDD5B-8D5E-478C-BCF4-8364D6E2EF00}"
EndProject
Project("{2150E333-8FDC-42A3-9474-1A3956D46DE8}") = "4-Infra", "4-Infra", "{83466909-D7A6-4EB3-B624-55DB5CE1E788}"
EndProject
Project("{2150E333-8FDC-42A3-9474-1A3956D46DE8}") = "4.1-Data", "4.1-Data", "{EDD84A00-D567-40BF-903E-45A64A9FBDA2}"
EndProject
Project("{2150E333-8FDC-42A3-9474-1A3956D46DE8}") = "4.2-CrossCutting", "4.2-CrossCutting", "{7439551A-C131-46F5-AF93-2BE4BBAA0ED8}"
EndProject
Project("{FAE04EC0-301F-11D3-BF4B-00C04F79EFBC}") = "Calculo.App", "Calculo.App\Calculo.App.csproj", "{ED1C02DF-9343-44E0-91C9-02E5253D7729}"
EndProject
Project("{FAE04EC0-301F-11D3-BF4B-00C04F79EFBC}") = "Calculo.Domain", "Calculo.Domain\Calculo.Domain.csproj", "{14F4B3BD-A1ED-49C9-92FE-82264B960BA2}"
EndProject
Project("{FAE04EC0-301F-11D3-BF4B-00C04F79EFBC}") = "Calculo.Data", "Calculo.Data\Calculo.Data.csproj", "{7EC5DF43-1E63-46E2-82E1-2B22B7558283}"
EndProject
Global
	GlobalSection(SolutionConfigurationPlatforms) = preSolution
		Debug|Any CPU = Debug|Any CPU
		Release|Any CPU = Release|Any CPU
	EndGlobalSection
	GlobalSection(ProjectConfigurationPlatforms) = postSolution
		{4020FE15-4336-4FA3-BEB5-51C6A3B28C74}.Debug|Any CPU.ActiveCfg = Debug|Any CPU
		{4020FE15-4336-4FA3-BEB5-51C6A3B28C74}.Debug|Any CPU.Build.0 = Debug|Any CPU
		{4020FE15-4336-4FA3-BEB5-51C6A3B28C74}.Release|Any CPU.ActiveCfg = Release|Any CPU
		{4020FE15-4336-4FA3-BEB5-51C6A3B28C74}.Release|Any CPU.Build.0 = Release|Any CPU
		{ED1C02DF-9343-44E0-91C9-02E5253D7729}.Debug|Any CPU.ActiveCfg = Debug|Any CPU
		{ED1C02DF-9343-44E0-91C9-02E5253D7729}.Debug|Any CPU.Build.0 = Debug|Any CPU
		{ED1C02DF-9343-44E0-91C9-02E5253D7729}.Release|Any CPU.ActiveCfg = Release|Any CPU
		{ED1C02DF-9343-44E0-91C9-02E5253D7729}.Release|Any CPU.Build.0 = Release|Any CPU
		{14F4B3BD-A1ED-49C9-92FE-82264B960BA2}.Debug|Any CPU.ActiveCfg = Debug|Any CPU
		{14F4B3BD-A1ED-49C9-92FE-82264B960BA2}.Debug|Any CPU.Build.0 = Debug|Any CPU
		{14F4B3BD-A1ED-49C9-92FE-82264B960BA2}.Release|Any CPU.ActiveCfg = Release|Any CPU
		{14F4B3BD-A1ED-49C9-92FE-82264B960BA2}.Release|Any CPU.Build.0 = Release|Any CPU
		{7EC5DF43-1E63-46E2-82E1-2B22B7558283}.Debug|Any CPU.ActiveCfg = Debug|Any CPU
		{7EC5DF43-1E63-46E2-82E1-2B22B7558283}.Debug|Any CPU.Build.0 = Debug|Any CPU
		{7EC5DF43-1E63-46E2-82E1-2B22B7558283}.Release|Any CPU.ActiveCfg = Release|Any CPU
		{7EC5DF43-1E63-46E2-82E1-2B22B7558283}.Release|Any CPU.Build.0 = Release|Any CPU
	EndGlobalSection
	GlobalSection(SolutionProperties) = preSolution
		HideSolutionNode = FALSE
	EndGlobalSection
	GlobalSection(NestedProjects) = preSolution
		{4020FE15-4336-4FA3-BEB5-51C6A3B28C74} = {4F96DA3C-CF1B-44E5-BA07-175893C9177F}
		{EDD84A00-D567-40BF-903E-45A64A9FBDA2} = {83466909-D7A6-4EB3-B624-55DB5CE1E788}
		{7439551A-C131-46F5-AF93-2BE4BBAA0ED8} = {83466909-D7A6-4EB3-B624-55DB5CE1E788}
		{ED1C02DF-9343-44E0-91C9-02E5253D7729} = {989EC5D9-D7CB-4CA8-AD7F-C7D8F7A23B81}
		{14F4B3BD-A1ED-49C9-92FE-82264B960BA2} = {9DEEDD5B-8D5E-478C-BCF4-8364D6E2EF00}
		{7EC5DF43-1E63-46E2-82E1-2B22B7558283} = {EDD84A00-D567-40BF-903E-45A64A9FBDA2}
	EndGlobalSection
	GlobalSection(ExtensibilityGlobals) = postSolution
		SolutionGuid = {05C69B32-9717-4E18-8226-54288793ED80}
	EndGlobalSection
EndGlobal
